
Microsoft Visual Studio Solution File, Format Version 12.00
# Visual Studio Version 16
VisualStudioVersion = 16.0.29613.14
MinimumVisualStudioVersion = 10.0.40219.1
Project("{FAE04EC0-301F-11D3-BF4B-00C04F79EFBC}") = "GF_Bot", "GF_Bot\GF_Bot.csproj", "{B725156C-08D4-4CD2-AFC2-5A9D3AE4A335}"
EndProject
Global
	GlobalSection(SolutionConfigurationPlatforms) = preSolution
		Debug|Any CPU = Debug|Any CPU
		Debug|x64 = Debug|x64
		Release|Any CPU = Release|Any CPU
		Release|x64 = Release|x64
	EndGlobalSection
	GlobalSection(ProjectConfigurationPlatforms) = postSolution
		{B725156C-08D4-4CD2-AFC2-5A9D3AE4A335}.Debug|Any CPU.ActiveCfg = Debug|Any CPU
		{B725156C-08D4-4CD2-AFC2-5A9D3AE4A335}.Debug|Any CPU.Build.0 = Debug|Any CPU
		{B725156C-08D4-4CD2-AFC2-5A9D3AE4A335}.Debug|x64.ActiveCfg = Debug|x64
		{B725156C-08D4-4CD2-AFC2-5A9D3AE4A335}.Debug|x64.Build.0 = Debug|x64
		{B725156C-08D4-4CD2-AFC2-5A9D3AE4A335}.Release|Any CPU.ActiveCfg = Release|Any CPU
		{B725156C-08D4-4CD2-AFC2-5A9D3AE4A335}.Release|Any CPU.Build.0 = Release|Any CPU
		{B725156C-08D4-4CD2-AFC2-5A9D3AE4A335}.Release|x64.ActiveCfg = Release|x64
		{B725156C-08D4-4CD2-AFC2-5A9D3AE4A335}.Release|x64.Build.0 = Release|x64
	EndGlobalSection
	GlobalSection(SolutionProperties) = preSolution
		HideSolutionNode = FALSE
	EndGlobalSection
	GlobalSection(ExtensibilityGlobals) = postSolution
		SolutionGuid = {DF74DA3F-8D46-41C2-883A-1594BC254010}
	EndGlobalSection
EndGlobal
